// !$*UTF8*$!
{
	archiveVersion = 1;
	classes = {
	};
	objectVersion = 48;
	objects = {

/* Begin PBXBuildFile section */
		CA05A7362150B59F00A2679F /* MealTableViewCell.swift in Sources */ = {isa = PBXBuildFile; fileRef = CA05A7352150B59F00A2679F /* MealTableViewCell.swift */; };
		CA11A6E92068254B009FF29B /* fontawesome.ttf in Resources */ = {isa = PBXBuildFile; fileRef = CA11A6E82068254A009FF29B /* fontawesome.ttf */; };
		CA11A6EB206829C9009FF29B /* RegisterViewController.swift in Sources */ = {isa = PBXBuildFile; fileRef = CA11A6EA206829C9009FF29B /* RegisterViewController.swift */; };
		CA9AE5582066D0A600005733 /* NetworkManager.swift in Sources */ = {isa = PBXBuildFile; fileRef = CA9AE5572066D0A600005733 /* NetworkManager.swift */; };
		CA9AE55B2066D32100005733 /* BrowseViewController.swift in Sources */ = {isa = PBXBuildFile; fileRef = CA9AE55A2066D32100005733 /* BrowseViewController.swift */; };
		CA9AE55D2066D97300005733 /* BrowseOptionView.swift in Sources */ = {isa = PBXBuildFile; fileRef = CA9AE55C2066D97300005733 /* BrowseOptionView.swift */; };
		CA9AE56020670AE500005733 /* Meal.swift in Sources */ = {isa = PBXBuildFile; fileRef = CA9AE55F20670AE500005733 /* Meal.swift */; };
		CA9AE5622067116000005733 /* Ingredient.swift in Sources */ = {isa = PBXBuildFile; fileRef = CA9AE5612067116000005733 /* Ingredient.swift */; };
		CA9AE5642067141D00005733 /* NutritionInfo.swift in Sources */ = {isa = PBXBuildFile; fileRef = CA9AE5632067141D00005733 /* NutritionInfo.swift */; };
		CA9AE5662067180100005733 /* MealCollectionViewCell.swift in Sources */ = {isa = PBXBuildFile; fileRef = CA9AE5652067180100005733 /* MealCollectionViewCell.swift */; };
		CA9AE5682067187100005733 /* MealSelectionViewController.swift in Sources */ = {isa = PBXBuildFile; fileRef = CA9AE5672067187100005733 /* MealSelectionViewController.swift */; };
		CA9AE56A2068169D00005733 /* Style.swift in Sources */ = {isa = PBXBuildFile; fileRef = CA9AE5692068169D00005733 /* Style.swift */; };
		CA9AE56C20681A7800005733 /* MealViewController.swift in Sources */ = {isa = PBXBuildFile; fileRef = CA9AE56B20681A7800005733 /* MealViewController.swift */; };
		CAD9998C2068224B00C2EEE5 /* LoginViewController.swift in Sources */ = {isa = PBXBuildFile; fileRef = CAD9998B2068224B00C2EEE5 /* LoginViewController.swift */; };
		CAD9998E2068231400C2EEE5 /* BetterButton.swift in Sources */ = {isa = PBXBuildFile; fileRef = CAD9998D2068231400C2EEE5 /* BetterButton.swift */; };
		CAD999902068236E00C2EEE5 /* UnderlinedTextField.swift in Sources */ = {isa = PBXBuildFile; fileRef = CAD9998F2068236E00C2EEE5 /* UnderlinedTextField.swift */; };
		CAFD2C70204C980A0006F00B /* AppDelegate.swift in Sources */ = {isa = PBXBuildFile; fileRef = CAFD2C6F204C980A0006F00B /* AppDelegate.swift */; };
		CAFD2C77204C980A0006F00B /* Assets.xcassets in Resources */ = {isa = PBXBuildFile; fileRef = CAFD2C76204C980A0006F00B /* Assets.xcassets */; };
		CAFD2C7A204C980A0006F00B /* LaunchScreen.storyboard in Resources */ = {isa = PBXBuildFile; fileRef = CAFD2C78204C980A0006F00B /* LaunchScreen.storyboard */; };
		CAFD2C85204C980A0006F00B /* FoodoraTests.swift in Sources */ = {isa = PBXBuildFile; fileRef = CAFD2C84204C980A0006F00B /* FoodoraTests.swift */; };
		CAFD2C90204C980A0006F00B /* FoodoraUITests.swift in Sources */ = {isa = PBXBuildFile; fileRef = CAFD2C8F204C980A0006F00B /* FoodoraUITests.swift */; };
		CAFD2C9E204C9CF50006F00B /* HomeViewController.swift in Sources */ = {isa = PBXBuildFile; fileRef = CAFD2C9D204C9CF50006F00B /* HomeViewController.swift */; };
		CAFD2CA0204C9E8B0006F00B /* SearchViewController.swift in Sources */ = {isa = PBXBuildFile; fileRef = CAFD2C9F204C9E8B0006F00B /* SearchViewController.swift */; };
		CAFD2CA2204CA1740006F00B /* MealPlanViewController.swift in Sources */ = {isa = PBXBuildFile; fileRef = CAFD2CA1204CA1740006F00B /* MealPlanViewController.swift */; };
		CAFD2CA4204CA2940006F00B /* ProfileViewController.swift in Sources */ = {isa = PBXBuildFile; fileRef = CAFD2CA3204CA2940006F00B /* ProfileViewController.swift */; };
/* End PBXBuildFile section */

/* Begin PBXContainerItemProxy section */
		CAFD2C81204C980A0006F00B /* PBXContainerItemProxy */ = {
			isa = PBXContainerItemProxy;
			containerPortal = CAFD2C64204C980A0006F00B /* Project object */;
			proxyType = 1;
			remoteGlobalIDString = CAFD2C6B204C980A0006F00B;
			remoteInfo = Foodora;
		};
		CAFD2C8C204C980A0006F00B /* PBXContainerItemProxy */ = {
			isa = PBXContainerItemProxy;
			containerPortal = CAFD2C64204C980A0006F00B /* Project object */;
			proxyType = 1;
			remoteGlobalIDString = CAFD2C6B204C980A0006F00B;
			remoteInfo = Foodora;
		};
/* End PBXContainerItemProxy section */

/* Begin PBXFileReference section */
		CA05A7352150B59F00A2679F /* MealTableViewCell.swift */ = {isa = PBXFileReference; lastKnownFileType = sourcecode.swift; path = MealTableViewCell.swift; sourceTree = "<group>"; };
		CA11A6E82068254A009FF29B /* fontawesome.ttf */ = {isa = PBXFileReference; lastKnownFileType = file; path = fontawesome.ttf; sourceTree = "<group>"; };
		CA11A6EA206829C9009FF29B /* RegisterViewController.swift */ = {isa = PBXFileReference; lastKnownFileType = sourcecode.swift; path = RegisterViewController.swift; sourceTree = "<group>"; };
		CA9AE5572066D0A600005733 /* NetworkManager.swift */ = {isa = PBXFileReference; lastKnownFileType = sourcecode.swift; path = NetworkManager.swift; sourceTree = "<group>"; };
		CA9AE55A2066D32100005733 /* BrowseViewController.swift */ = {isa = PBXFileReference; lastKnownFileType = sourcecode.swift; path = BrowseViewController.swift; sourceTree = "<group>"; };
		CA9AE55C2066D97300005733 /* BrowseOptionView.swift */ = {isa = PBXFileReference; lastKnownFileType = sourcecode.swift; path = BrowseOptionView.swift; sourceTree = "<group>"; };
		CA9AE55F20670AE500005733 /* Meal.swift */ = {isa = PBXFileReference; lastKnownFileType = sourcecode.swift; path = Meal.swift; sourceTree = "<group>"; };
		CA9AE5612067116000005733 /* Ingredient.swift */ = {isa = PBXFileReference; lastKnownFileType = sourcecode.swift; path = Ingredient.swift; sourceTree = "<group>"; };
		CA9AE5632067141D00005733 /* NutritionInfo.swift */ = {isa = PBXFileReference; lastKnownFileType = sourcecode.swift; path = NutritionInfo.swift; sourceTree = "<group>"; };
		CA9AE5652067180100005733 /* MealCollectionViewCell.swift */ = {isa = PBXFileReference; lastKnownFileType = sourcecode.swift; path = MealCollectionViewCell.swift; sourceTree = "<group>"; };
		CA9AE5672067187100005733 /* MealSelectionViewController.swift */ = {isa = PBXFileReference; lastKnownFileType = sourcecode.swift; path = MealSelectionViewController.swift; sourceTree = "<group>"; };
		CA9AE5692068169D00005733 /* Style.swift */ = {isa = PBXFileReference; lastKnownFileType = sourcecode.swift; path = Style.swift; sourceTree = "<group>"; };
		CA9AE56B20681A7800005733 /* MealViewController.swift */ = {isa = PBXFileReference; lastKnownFileType = sourcecode.swift; path = MealViewController.swift; sourceTree = "<group>"; };
		CAD9998B2068224B00C2EEE5 /* LoginViewController.swift */ = {isa = PBXFileReference; lastKnownFileType = sourcecode.swift; path = LoginViewController.swift; sourceTree = "<group>"; };
		CAD9998D2068231400C2EEE5 /* BetterButton.swift */ = {isa = PBXFileReference; lastKnownFileType = sourcecode.swift; path = BetterButton.swift; sourceTree = "<group>"; };
		CAD9998F2068236E00C2EEE5 /* UnderlinedTextField.swift */ = {isa = PBXFileReference; lastKnownFileType = sourcecode.swift; path = UnderlinedTextField.swift; sourceTree = "<group>"; };
		CAFD2C6C204C980A0006F00B /* Foodora.app */ = {isa = PBXFileReference; explicitFileType = wrapper.application; includeInIndex = 0; path = Foodora.app; sourceTree = BUILT_PRODUCTS_DIR; };
		CAFD2C6F204C980A0006F00B /* AppDelegate.swift */ = {isa = PBXFileReference; lastKnownFileType = sourcecode.swift; path = AppDelegate.swift; sourceTree = "<group>"; };
		CAFD2C76204C980A0006F00B /* Assets.xcassets */ = {isa = PBXFileReference; lastKnownFileType = folder.assetcatalog; path = Assets.xcassets; sourceTree = "<group>"; };
		CAFD2C79204C980A0006F00B /* Base */ = {isa = PBXFileReference; lastKnownFileType = file.storyboard; name = Base; path = Base.lproj/LaunchScreen.storyboard; sourceTree = "<group>"; };
		CAFD2C7B204C980A0006F00B /* Info.plist */ = {isa = PBXFileReference; lastKnownFileType = text.plist.xml; path = Info.plist; sourceTree = "<group>"; };
		CAFD2C80204C980A0006F00B /* FoodoraTests.xctest */ = {isa = PBXFileReference; explicitFileType = wrapper.cfbundle; includeInIndex = 0; path = FoodoraTests.xctest; sourceTree = BUILT_PRODUCTS_DIR; };
		CAFD2C84204C980A0006F00B /* FoodoraTests.swift */ = {isa = PBXFileReference; lastKnownFileType = sourcecode.swift; path = FoodoraTests.swift; sourceTree = "<group>"; };
		CAFD2C86204C980A0006F00B /* Info.plist */ = {isa = PBXFileReference; lastKnownFileType = text.plist.xml; path = Info.plist; sourceTree = "<group>"; };
		CAFD2C8B204C980A0006F00B /* FoodoraUITests.xctest */ = {isa = PBXFileReference; explicitFileType = wrapper.cfbundle; includeInIndex = 0; path = FoodoraUITests.xctest; sourceTree = BUILT_PRODUCTS_DIR; };
		CAFD2C8F204C980A0006F00B /* FoodoraUITests.swift */ = {isa = PBXFileReference; lastKnownFileType = sourcecode.swift; path = FoodoraUITests.swift; sourceTree = "<group>"; };
		CAFD2C91204C980A0006F00B /* Info.plist */ = {isa = PBXFileReference; lastKnownFileType = text.plist.xml; path = Info.plist; sourceTree = "<group>"; };
		CAFD2C9D204C9CF50006F00B /* HomeViewController.swift */ = {isa = PBXFileReference; lastKnownFileType = sourcecode.swift; path = HomeViewController.swift; sourceTree = "<group>"; };
		CAFD2C9F204C9E8B0006F00B /* SearchViewController.swift */ = {isa = PBXFileReference; lastKnownFileType = sourcecode.swift; path = SearchViewController.swift; sourceTree = "<group>"; };
		CAFD2CA1204CA1740006F00B /* MealPlanViewController.swift */ = {isa = PBXFileReference; lastKnownFileType = sourcecode.swift; path = MealPlanViewController.swift; sourceTree = "<group>"; };
		CAFD2CA3204CA2940006F00B /* ProfileViewController.swift */ = {isa = PBXFileReference; lastKnownFileType = sourcecode.swift; path = ProfileViewController.swift; sourceTree = "<group>"; };
/* End PBXFileReference section */

/* Begin PBXFrameworksBuildPhase section */
		CAFD2C69204C980A0006F00B /* Frameworks */ = {
			isa = PBXFrameworksBuildPhase;
			buildActionMask = 2147483647;
			files = (
			);
			runOnlyForDeploymentPostprocessing = 0;
		};
		CAFD2C7D204C980A0006F00B /* Frameworks */ = {
			isa = PBXFrameworksBuildPhase;
			buildActionMask = 2147483647;
			files = (
			);
			runOnlyForDeploymentPostprocessing = 0;
		};
		CAFD2C88204C980A0006F00B /* Frameworks */ = {
			isa = PBXFrameworksBuildPhase;
			buildActionMask = 2147483647;
			files = (
			);
			runOnlyForDeploymentPostprocessing = 0;
		};
/* End PBXFrameworksBuildPhase section */

/* Begin PBXGroup section */
		CA5F8C6021502B5B00D31D8A /* Networking */ = {
			isa = PBXGroup;
			children = (
				CA9AE5572066D0A600005733 /* NetworkManager.swift */,
			);
			path = Networking;
			sourceTree = "<group>";
		};
		CA5F8C6121502D3800D31D8A /* Home */ = {
			isa = PBXGroup;
			children = (
				CAFD2C9D204C9CF50006F00B /* HomeViewController.swift */,
			);
			path = Home;
			sourceTree = "<group>";
		};
		CA5F8C62215030E900D31D8A /* Profile */ = {
			isa = PBXGroup;
			children = (
				CAFD2CA3204CA2940006F00B /* ProfileViewController.swift */,
				CAD9998B2068224B00C2EEE5 /* LoginViewController.swift */,
				CA11A6EA206829C9009FF29B /* RegisterViewController.swift */,
			);
			path = Profile;
			sourceTree = "<group>";
		};
		CA5F8C632150310100D31D8A /* Search */ = {
			isa = PBXGroup;
			children = (
				CA9AE5672067187100005733 /* MealSelectionViewController.swift */,
				CAFD2C9F204C9E8B0006F00B /* SearchViewController.swift */,
			);
			path = Search;
			sourceTree = "<group>";
		};
		CA5F8C642150329200D31D8A /* Meal Plan */ = {
			isa = PBXGroup;
			children = (
				CAFD2CA1204CA1740006F00B /* MealPlanViewController.swift */,
			);
			path = "Meal Plan";
			sourceTree = "<group>";
		};
		CA5F8C652150340100D31D8A /* Meal View */ = {
			isa = PBXGroup;
			children = (
				CA9AE56B20681A7800005733 /* MealViewController.swift */,
			);
			path = "Meal View";
			sourceTree = "<group>";
		};
		CA5F8C662150348600D31D8A /* Browse */ = {
			isa = PBXGroup;
			children = (
				CA9AE55C2066D97300005733 /* BrowseOptionView.swift */,
				CA9AE55A2066D32100005733 /* BrowseViewController.swift */,
			);
			path = Browse;
			sourceTree = "<group>";
		};
		CA9AE5592066D27A00005733 /* Custom Elements */ = {
			isa = PBXGroup;
			children = (
				CA9AE5632067141D00005733 /* NutritionInfo.swift */,
				CA9AE5652067180100005733 /* MealCollectionViewCell.swift */,
				CAD9998D2068231400C2EEE5 /* BetterButton.swift */,
				CAD9998F2068236E00C2EEE5 /* UnderlinedTextField.swift */,
				CA05A7352150B59F00A2679F /* MealTableViewCell.swift */,
			);
			path = "Custom Elements";
			sourceTree = "<group>";
		};
		CA9AE55E20670A1D00005733 /* Models */ = {
			isa = PBXGroup;
			children = (
				CA9AE55F20670AE500005733 /* Meal.swift */,
				CA9AE5612067116000005733 /* Ingredient.swift */,
			);
			path = Models;
			sourceTree = "<group>";
		};
		CAD999912068248000C2EEE5 /* Resources */ = {
			isa = PBXGroup;
			children = (
				CA11A6E82068254A009FF29B /* fontawesome.ttf */,
			);
			path = Resources;
			sourceTree = "<group>";
		};
		CAFD2C63204C980A0006F00B = {
			isa = PBXGroup;
			children = (
				CAFD2C6E204C980A0006F00B /* Foodora */,
				CAFD2C83204C980A0006F00B /* FoodoraTests */,
				CAFD2C8E204C980A0006F00B /* FoodoraUITests */,
				CAFD2C6D204C980A0006F00B /* Products */,
			);
			sourceTree = "<group>";
		};
		CAFD2C6D204C980A0006F00B /* Products */ = {
			isa = PBXGroup;
			children = (
				CAFD2C6C204C980A0006F00B /* Foodora.app */,
				CAFD2C80204C980A0006F00B /* FoodoraTests.xctest */,
				CAFD2C8B204C980A0006F00B /* FoodoraUITests.xctest */,
			);
			name = Products;
			sourceTree = "<group>";
		};
		CAFD2C6E204C980A0006F00B /* Foodora */ = {
			isa = PBXGroup;
			children = (
				CAFD2C6F204C980A0006F00B /* AppDelegate.swift */,
				CA9AE5692068169D00005733 /* Style.swift */,
				CA5F8C662150348600D31D8A /* Browse */,
				CA5F8C652150340100D31D8A /* Meal View */,
				CA5F8C642150329200D31D8A /* Meal Plan */,
				CA5F8C632150310100D31D8A /* Search */,
				CA5F8C62215030E900D31D8A /* Profile */,
				CA5F8C6121502D3800D31D8A /* Home */,
				CA5F8C6021502B5B00D31D8A /* Networking */,
				CAD999912068248000C2EEE5 /* Resources */,
				CA9AE55E20670A1D00005733 /* Models */,
				CA9AE5592066D27A00005733 /* Custom Elements */,
				CAFD2C76204C980A0006F00B /* Assets.xcassets */,
				CAFD2C78204C980A0006F00B /* LaunchScreen.storyboard */,
				CAFD2C7B204C980A0006F00B /* Info.plist */,
			);
			path = Foodora;
			sourceTree = "<group>";
		};
		CAFD2C83204C980A0006F00B /* FoodoraTests */ = {
			isa = PBXGroup;
			children = (
				CAFD2C84204C980A0006F00B /* FoodoraTests.swift */,
				CAFD2C86204C980A0006F00B /* Info.plist */,
			);
			path = FoodoraTests;
			sourceTree = "<group>";
		};
		CAFD2C8E204C980A0006F00B /* FoodoraUITests */ = {
			isa = PBXGroup;
			children = (
				CAFD2C8F204C980A0006F00B /* FoodoraUITests.swift */,
				CAFD2C91204C980A0006F00B /* Info.plist */,
			);
			path = FoodoraUITests;
			sourceTree = "<group>";
		};
/* End PBXGroup section */

/* Begin PBXNativeTarget section */
		CAFD2C6B204C980A0006F00B /* Foodora */ = {
			isa = PBXNativeTarget;
			buildConfigurationList = CAFD2C94204C980A0006F00B /* Build configuration list for PBXNativeTarget "Foodora" */;
			buildPhases = (
				CAFD2C68204C980A0006F00B /* Sources */,
				CAFD2C69204C980A0006F00B /* Frameworks */,
				CAFD2C6A204C980A0006F00B /* Resources */,
			);
			buildRules = (
			);
			dependencies = (
			);
			name = Foodora;
			productName = Foodora;
			productReference = CAFD2C6C204C980A0006F00B /* Foodora.app */;
			productType = "com.apple.product-type.application";
		};
		CAFD2C7F204C980A0006F00B /* FoodoraTests */ = {
			isa = PBXNativeTarget;
			buildConfigurationList = CAFD2C97204C980A0006F00B /* Build configuration list for PBXNativeTarget "FoodoraTests" */;
			buildPhases = (
				CAFD2C7C204C980A0006F00B /* Sources */,
				CAFD2C7D204C980A0006F00B /* Frameworks */,
				CAFD2C7E204C980A0006F00B /* Resources */,
			);
			buildRules = (
			);
			dependencies = (
				CAFD2C82204C980A0006F00B /* PBXTargetDependency */,
			);
			name = FoodoraTests;
			productName = FoodoraTests;
			productReference = CAFD2C80204C980A0006F00B /* FoodoraTests.xctest */;
			productType = "com.apple.product-type.bundle.unit-test";
		};
		CAFD2C8A204C980A0006F00B /* FoodoraUITests */ = {
			isa = PBXNativeTarget;
			buildConfigurationList = CAFD2C9A204C980A0006F00B /* Build configuration list for PBXNativeTarget "FoodoraUITests" */;
			buildPhases = (
				CAFD2C87204C980A0006F00B /* Sources */,
				CAFD2C88204C980A0006F00B /* Frameworks */,
				CAFD2C89204C980A0006F00B /* Resources */,
			);
			buildRules = (
			);
			dependencies = (
				CAFD2C8D204C980A0006F00B /* PBXTargetDependency */,
			);
			name = FoodoraUITests;
			productName = FoodoraUITests;
			productReference = CAFD2C8B204C980A0006F00B /* FoodoraUITests.xctest */;
			productType = "com.apple.product-type.bundle.ui-testing";
		};
/* End PBXNativeTarget section */

/* Begin PBXProject section */
		CAFD2C64204C980A0006F00B /* Project object */ = {
			isa = PBXProject;
			attributes = {
				LastSwiftUpdateCheck = 0920;
				LastUpgradeCheck = 0920;
				ORGANIZATIONNAME = FoodoraInc;
				TargetAttributes = {
					CAFD2C6B204C980A0006F00B = {
						CreatedOnToolsVersion = 9.2;
						ProvisioningStyle = Automatic;
					};
					CAFD2C7F204C980A0006F00B = {
						CreatedOnToolsVersion = 9.2;
						ProvisioningStyle = Automatic;
						TestTargetID = CAFD2C6B204C980A0006F00B;
					};
					CAFD2C8A204C980A0006F00B = {
						CreatedOnToolsVersion = 9.2;
						ProvisioningStyle = Automatic;
						TestTargetID = CAFD2C6B204C980A0006F00B;
					};
				};
			};
			buildConfigurationList = CAFD2C67204C980A0006F00B /* Build configuration list for PBXProject "Foodora" */;
			compatibilityVersion = "Xcode 8.0";
			developmentRegion = en;
			hasScannedForEncodings = 0;
			knownRegions = (
				en,
				Base,
			);
			mainGroup = CAFD2C63204C980A0006F00B;
			productRefGroup = CAFD2C6D204C980A0006F00B /* Products */;
			projectDirPath = "";
			projectRoot = "";
			targets = (
				CAFD2C6B204C980A0006F00B /* Foodora */,
				CAFD2C7F204C980A0006F00B /* FoodoraTests */,
				CAFD2C8A204C980A0006F00B /* FoodoraUITests */,
			);
		};
/* End PBXProject section */

/* Begin PBXResourcesBuildPhase section */
		CAFD2C6A204C980A0006F00B /* Resources */ = {
			isa = PBXResourcesBuildPhase;
			buildActionMask = 2147483647;
			files = (
				CA11A6E92068254B009FF29B /* fontawesome.ttf in Resources */,
				CAFD2C7A204C980A0006F00B /* LaunchScreen.storyboard in Resources */,
				CAFD2C77204C980A0006F00B /* Assets.xcassets in Resources */,
			);
			runOnlyForDeploymentPostprocessing = 0;
		};
		CAFD2C7E204C980A0006F00B /* Resources */ = {
			isa = PBXResourcesBuildPhase;
			buildActionMask = 2147483647;
			files = (
			);
			runOnlyForDeploymentPostprocessing = 0;
		};
		CAFD2C89204C980A0006F00B /* Resources */ = {
			isa = PBXResourcesBuildPhase;
			buildActionMask = 2147483647;
			files = (
			);
			runOnlyForDeploymentPostprocessing = 0;
		};
/* End PBXResourcesBuildPhase section */

/* Begin PBXSourcesBuildPhase section */
		CAFD2C68204C980A0006F00B /* Sources */ = {
			isa = PBXSourcesBuildPhase;
			buildActionMask = 2147483647;
			files = (
				CA9AE56020670AE500005733 /* Meal.swift in Sources */,
				CA9AE56C20681A7800005733 /* MealViewController.swift in Sources */,
				CAFD2CA4204CA2940006F00B /* ProfileViewController.swift in Sources */,
				CA9AE5662067180100005733 /* MealCollectionViewCell.swift in Sources */,
				CA05A7362150B59F00A2679F /* MealTableViewCell.swift in Sources */,
				CA9AE55D2066D97300005733 /* BrowseOptionView.swift in Sources */,
				CA11A6EB206829C9009FF29B /* RegisterViewController.swift in Sources */,
				CA9AE56A2068169D00005733 /* Style.swift in Sources */,
				CAFD2C70204C980A0006F00B /* AppDelegate.swift in Sources */,
				CAD9998E2068231400C2EEE5 /* BetterButton.swift in Sources */,
				CA9AE5582066D0A600005733 /* NetworkManager.swift in Sources */,
				CA9AE5642067141D00005733 /* NutritionInfo.swift in Sources */,
				CA9AE5682067187100005733 /* MealSelectionViewController.swift in Sources */,
				CAFD2CA2204CA1740006F00B /* MealPlanViewController.swift in Sources */,
				CAFD2CA0204C9E8B0006F00B /* SearchViewController.swift in Sources */,
				CAD999902068236E00C2EEE5 /* UnderlinedTextField.swift in Sources */,
				CAD9998C2068224B00C2EEE5 /* LoginViewController.swift in Sources */,
				CA9AE55B2066D32100005733 /* BrowseViewController.swift in Sources */,
				CAFD2C9E204C9CF50006F00B /* HomeViewController.swift in Sources */,
				CA9AE5622067116000005733 /* Ingredient.swift in Sources */,
			);
			runOnlyForDeploymentPostprocessing = 0;
		};
		CAFD2C7C204C980A0006F00B /* Sources */ = {
			isa = PBXSourcesBuildPhase;
			buildActionMask = 2147483647;
			files = (
				CAFD2C85204C980A0006F00B /* FoodoraTests.swift in Sources */,
			);
			runOnlyForDeploymentPostprocessing = 0;
		};
		CAFD2C87204C980A0006F00B /* Sources */ = {
			isa = PBXSourcesBuildPhase;
			buildActionMask = 2147483647;
			files = (
				CAFD2C90204C980A0006F00B /* FoodoraUITests.swift in Sources */,
			);
			runOnlyForDeploymentPostprocessing = 0;
		};
/* End PBXSourcesBuildPhase section */

/* Begin PBXTargetDependency section */
		CAFD2C82204C980A0006F00B /* PBXTargetDependency */ = {
			isa = PBXTargetDependency;
			target = CAFD2C6B204C980A0006F00B /* Foodora */;
			targetProxy = CAFD2C81204C980A0006F00B /* PBXContainerItemProxy */;
		};
		CAFD2C8D204C980A0006F00B /* PBXTargetDependency */ = {
			isa = PBXTargetDependency;
			target = CAFD2C6B204C980A0006F00B /* Foodora */;
			targetProxy = CAFD2C8C204C980A0006F00B /* PBXContainerItemProxy */;
		};
/* End PBXTargetDependency section */

/* Begin PBXVariantGroup section */
		CAFD2C78204C980A0006F00B /* LaunchScreen.storyboard */ = {
			isa = PBXVariantGroup;
			children = (
				CAFD2C79204C980A0006F00B /* Base */,
			);
			name = LaunchScreen.storyboard;
			sourceTree = "<group>";
		};
/* End PBXVariantGroup section */

/* Begin XCBuildConfiguration section */
		CAFD2C92204C980A0006F00B /* Debug */ = {
			isa = XCBuildConfiguration;
			buildSettings = {
				ALWAYS_SEARCH_USER_PATHS = NO;
				CLANG_ANALYZER_NONNULL = YES;
				CLANG_ANALYZER_NUMBER_OBJECT_CONVERSION = YES_AGGRESSIVE;
				CLANG_CXX_LANGUAGE_STANDARD = "gnu++14";
				CLANG_CXX_LIBRARY = "libc++";
				CLANG_ENABLE_MODULES = YES;
				CLANG_ENABLE_OBJC_ARC = YES;
				CLANG_WARN_BLOCK_CAPTURE_AUTORELEASING = YES;
				CLANG_WARN_BOOL_CONVERSION = YES;
				CLANG_WARN_COMMA = YES;
				CLANG_WARN_CONSTANT_CONVERSION = YES;
				CLANG_WARN_DIRECT_OBJC_ISA_USAGE = YES_ERROR;
				CLANG_WARN_DOCUMENTATION_COMMENTS = YES;
				CLANG_WARN_EMPTY_BODY = YES;
				CLANG_WARN_ENUM_CONVERSION = YES;
				CLANG_WARN_INFINITE_RECURSION = YES;
				CLANG_WARN_INT_CONVERSION = YES;
				CLANG_WARN_NON_LITERAL_NULL_CONVERSION = YES;
				CLANG_WARN_OBJC_LITERAL_CONVERSION = YES;
				CLANG_WARN_OBJC_ROOT_CLASS = YES_ERROR;
				CLANG_WARN_RANGE_LOOP_ANALYSIS = YES;
				CLANG_WARN_STRICT_PROTOTYPES = YES;
				CLANG_WARN_SUSPICIOUS_MOVE = YES;
				CLANG_WARN_UNGUARDED_AVAILABILITY = YES_AGGRESSIVE;
				CLANG_WARN_UNREACHABLE_CODE = YES;
				CLANG_WARN__DUPLICATE_METHOD_MATCH = YES;
				CODE_SIGN_IDENTITY = "iPhone Developer";
				COPY_PHASE_STRIP = NO;
				DEBUG_INFORMATION_FORMAT = dwarf;
				ENABLE_STRICT_OBJC_MSGSEND = YES;
				ENABLE_TESTABILITY = YES;
				GCC_C_LANGUAGE_STANDARD = gnu11;
				GCC_DYNAMIC_NO_PIC = NO;
				GCC_NO_COMMON_BLOCKS = YES;
				GCC_OPTIMIZATION_LEVEL = 0;
				GCC_PREPROCESSOR_DEFINITIONS = (
					"DEBUG=1",
					"$(inherited)",
				);
				GCC_WARN_64_TO_32_BIT_CONVERSION = YES;
				GCC_WARN_ABOUT_RETURN_TYPE = YES_ERROR;
				GCC_WARN_UNDECLARED_SELECTOR = YES;
				GCC_WARN_UNINITIALIZED_AUTOS = YES_AGGRESSIVE;
				GCC_WARN_UNUSED_FUNCTION = YES;
				GCC_WARN_UNUSED_VARIABLE = YES;
				IPHONEOS_DEPLOYMENT_TARGET = 11.2;
				MTL_ENABLE_DEBUG_INFO = YES;
				ONLY_ACTIVE_ARCH = YES;
				SDKROOT = iphoneos;
				SWIFT_ACTIVE_COMPILATION_CONDITIONS = DEBUG;
				SWIFT_OPTIMIZATION_LEVEL = "-Onone";
			};
			name = Debug;
		};
		CAFD2C93204C980A0006F00B /* Release */ = {
			isa = XCBuildConfiguration;
			buildSettings = {
				ALWAYS_SEARCH_USER_PATHS = NO;
				CLANG_ANALYZER_NONNULL = YES;
				CLANG_ANALYZER_NUMBER_OBJECT_CONVERSION = YES_AGGRESSIVE;
				CLANG_CXX_LANGUAGE_STANDARD = "gnu++14";
				CLANG_CXX_LIBRARY = "libc++";
				CLANG_ENABLE_MODULES = YES;
				CLANG_ENABLE_OBJC_ARC = YES;
				CLANG_WARN_BLOCK_CAPTURE_AUTORELEASING = YES;
				CLANG_WARN_BOOL_CONVERSION = YES;
				CLANG_WARN_COMMA = YES;
				CLANG_WARN_CONSTANT_CONVERSION = YES;
				CLANG_WARN_DIRECT_OBJC_ISA_USAGE = YES_ERROR;
				CLANG_WARN_DOCUMENTATION_COMMENTS = YES;
				CLANG_WARN_EMPTY_BODY = YES;
				CLANG_WARN_ENUM_CONVERSION = YES;
				CLANG_WARN_INFINITE_RECURSION = YES;
				CLANG_WARN_INT_CONVERSION = YES;
				CLANG_WARN_NON_LITERAL_NULL_CONVERSION = YES;
				CLANG_WARN_OBJC_LITERAL_CONVERSION = YES;
				CLANG_WARN_OBJC_ROOT_CLASS = YES_ERROR;
				CLANG_WARN_RANGE_LOOP_ANALYSIS = YES;
				CLANG_WARN_STRICT_PROTOTYPES = YES;
				CLANG_WARN_SUSPICIOUS_MOVE = YES;
				CLANG_WARN_UNGUARDED_AVAILABILITY = YES_AGGRESSIVE;
				CLANG_WARN_UNREACHABLE_CODE = YES;
				CLANG_WARN__DUPLICATE_METHOD_MATCH = YES;
				CODE_SIGN_IDENTITY = "iPhone Developer";
				COPY_PHASE_STRIP = NO;
				DEBUG_INFORMATION_FORMAT = "dwarf-with-dsym";
				ENABLE_NS_ASSERTIONS = NO;
				ENABLE_STRICT_OBJC_MSGSEND = YES;
				GCC_C_LANGUAGE_STANDARD = gnu11;
				GCC_NO_COMMON_BLOCKS = YES;
				GCC_WARN_64_TO_32_BIT_CONVERSION = YES;
				GCC_WARN_ABOUT_RETURN_TYPE = YES_ERROR;
				GCC_WARN_UNDECLARED_SELECTOR = YES;
				GCC_WARN_UNINITIALIZED_AUTOS = YES_AGGRESSIVE;
				GCC_WARN_UNUSED_FUNCTION = YES;
				GCC_WARN_UNUSED_VARIABLE = YES;
				IPHONEOS_DEPLOYMENT_TARGET = 11.2;
				MTL_ENABLE_DEBUG_INFO = NO;
				SDKROOT = iphoneos;
				SWIFT_OPTIMIZATION_LEVEL = "-Owholemodule";
				VALIDATE_PRODUCT = YES;
			};
			name = Release;
		};
		CAFD2C95204C980A0006F00B /* Debug */ = {
			isa = XCBuildConfiguration;
			buildSettings = {
				ASSETCATALOG_COMPILER_APPICON_NAME = AppIcon;
				CODE_SIGN_STYLE = Automatic;
				DEVELOPMENT_TEAM = G3KGQDJHJS;
				INFOPLIST_FILE = Foodora/Info.plist;
				LD_RUNPATH_SEARCH_PATHS = "$(inherited) @executable_path/Frameworks";
				PRODUCT_BUNDLE_IDENTIFIER = FD.Foodora;
				PRODUCT_NAME = "$(TARGET_NAME)";
				SWIFT_VERSION = 4.0;
				TARGETED_DEVICE_FAMILY = "1,2";
			};
			name = Debug;
		};
		CAFD2C96204C980A0006F00B /* Release */ = {
			isa = XCBuildConfiguration;
			buildSettings = {
				ASSETCATALOG_COMPILER_APPICON_NAME = AppIcon;
				CODE_SIGN_STYLE = Automatic;
				DEVELOPMENT_TEAM = G3KGQDJHJS;
				INFOPLIST_FILE = Foodora/Info.plist;
				LD_RUNPATH_SEARCH_PATHS = "$(inherited) @executable_path/Frameworks";
				PRODUCT_BUNDLE_IDENTIFIER = FD.Foodora;
				PRODUCT_NAME = "$(TARGET_NAME)";
				SWIFT_VERSION = 4.0;
				TARGETED_DEVICE_FAMILY = "1,2";
			};
			name = Release;
		};
		CAFD2C98204C980A0006F00B /* Debug */ = {
			isa = XCBuildConfiguration;
			buildSettings = {
				ALWAYS_EMBED_SWIFT_STANDARD_LIBRARIES = YES;
				BUNDLE_LOADER = "$(TEST_HOST)";
				CODE_SIGN_STYLE = Automatic;
				DEVELOPMENT_TEAM = G3KGQDJHJS;
				INFOPLIST_FILE = FoodoraTests/Info.plist;
				LD_RUNPATH_SEARCH_PATHS = "$(inherited) @executable_path/Frameworks @loader_path/Frameworks";
				PRODUCT_BUNDLE_IDENTIFIER = FD.FoodoraTests;
				PRODUCT_NAME = "$(TARGET_NAME)";
				SWIFT_VERSION = 4.0;
				TARGETED_DEVICE_FAMILY = "1,2";
				TEST_HOST = "$(BUILT_PRODUCTS_DIR)/Foodora.app/Foodora";
			};
			name = Debug;
		};
		CAFD2C99204C980A0006F00B /* Release */ = {
			isa = XCBuildConfiguration;
			buildSettings = {
				ALWAYS_EMBED_SWIFT_STANDARD_LIBRARIES = YES;
				BUNDLE_LOADER = "$(TEST_HOST)";
				CODE_SIGN_STYLE = Automatic;
				DEVELOPMENT_TEAM = G3KGQDJHJS;
				INFOPLIST_FILE = FoodoraTests/Info.plist;
				LD_RUNPATH_SEARCH_PATHS = "$(inherited) @executable_path/Frameworks @loader_path/Frameworks";
				PRODUCT_BUNDLE_IDENTIFIER = FD.FoodoraTests;
				PRODUCT_NAME = "$(TARGET_NAME)";
				SWIFT_VERSION = 4.0;
				TARGETED_DEVICE_FAMILY = "1,2";
				TEST_HOST = "$(BUILT_PRODUCTS_DIR)/Foodora.app/Foodora";
			};
			name = Release;
		};
		CAFD2C9B204C980A0006F00B /* Debug */ = {
			isa = XCBuildConfiguration;
			buildSettings = {
				ALWAYS_EMBED_SWIFT_STANDARD_LIBRARIES = YES;
				CODE_SIGN_STYLE = Automatic;
				DEVELOPMENT_TEAM = G3KGQDJHJS;
				INFOPLIST_FILE = FoodoraUITests/Info.plist;
				LD_RUNPATH_SEARCH_PATHS = "$(inherited) @executable_path/Frameworks @loader_path/Frameworks";
				PRODUCT_BUNDLE_IDENTIFIER = FD.FoodoraUITests;
				PRODUCT_NAME = "$(TARGET_NAME)";
				SWIFT_VERSION = 4.0;
				TARGETED_DEVICE_FAMILY = "1,2";
				TEST_TARGET_NAME = Foodora;
			};
			name = Debug;
		};
		CAFD2C9C204C980A0006F00B /* Release */ = {
			isa = XCBuildConfiguration;
			buildSettings = {
				ALWAYS_EMBED_SWIFT_STANDARD_LIBRARIES = YES;
				CODE_SIGN_STYLE = Automatic;
				DEVELOPMENT_TEAM = G3KGQDJHJS;
				INFOPLIST_FILE = FoodoraUITests/Info.plist;
				LD_RUNPATH_SEARCH_PATHS = "$(inherited) @executable_path/Frameworks @loader_path/Frameworks";
				PRODUCT_BUNDLE_IDENTIFIER = FD.FoodoraUITests;
				PRODUCT_NAME = "$(TARGET_NAME)";
				SWIFT_VERSION = 4.0;
				TARGETED_DEVICE_FAMILY = "1,2";
				TEST_TARGET_NAME = Foodora;
			};
			name = Release;
		};
/* End XCBuildConfiguration section */

/* Begin XCConfigurationList section */
		CAFD2C67204C980A0006F00B /* Build configuration list for PBXProject "Foodora" */ = {
			isa = XCConfigurationList;
			buildConfigurations = (
				CAFD2C92204C980A0006F00B /* Debug */,
				CAFD2C93204C980A0006F00B /* Release */,
			);
			defaultConfigurationIsVisible = 0;
			defaultConfigurationName = Release;
		};
		CAFD2C94204C980A0006F00B /* Build configuration list for PBXNativeTarget "Foodora" */ = {
			isa = XCConfigurationList;
			buildConfigurations = (
				CAFD2C95204C980A0006F00B /* Debug */,
				CAFD2C96204C980A0006F00B /* Release */,
			);
			defaultConfigurationIsVisible = 0;
			defaultConfigurationName = Release;
		};
		CAFD2C97204C980A0006F00B /* Build configuration list for PBXNativeTarget "FoodoraTests" */ = {
			isa = XCConfigurationList;
			buildConfigurations = (
				CAFD2C98204C980A0006F00B /* Debug */,
				CAFD2C99204C980A0006F00B /* Release */,
			);
			defaultConfigurationIsVisible = 0;
			defaultConfigurationName = Release;
		};
		CAFD2C9A204C980A0006F00B /* Build configuration list for PBXNativeTarget "FoodoraUITests" */ = {
			isa = XCConfigurationList;
			buildConfigurations = (
				CAFD2C9B204C980A0006F00B /* Debug */,
				CAFD2C9C204C980A0006F00B /* Release */,
			);
			defaultConfigurationIsVisible = 0;
			defaultConfigurationName = Release;
		};
/* End XCConfigurationList section */
	};
	rootObject = CAFD2C64204C980A0006F00B /* Project object */;
}
